// !$*UTF8*$!
{
	archiveVersion = 1;
	classes = {
	};
	objectVersion = 51;
	objects = {

/* Begin PBXBuildFile section */
		3A364D7824974E4700DB321F /* Constants.swift in Sources */ = {isa = PBXBuildFile; fileRef = 3A364D7724974E4700DB321F /* Constants.swift */; };
		3A364D7A24975FD300DB321F /* SettingsVC.swift in Sources */ = {isa = PBXBuildFile; fileRef = 3A364D7924975FD300DB321F /* SettingsVC.swift */; };
		3A364D7C24976D4C00DB321F /* BaseCurrencyVC.swift in Sources */ = {isa = PBXBuildFile; fileRef = 3A364D7B24976D4B00DB321F /* BaseCurrencyVC.swift */; };
		3A364D7E24976D5E00DB321F /* RefreshIntervalVC.swift in Sources */ = {isa = PBXBuildFile; fileRef = 3A364D7D24976D5E00DB321F /* RefreshIntervalVC.swift */; };
		3A364D8224977BD900DB321F /* SharedSettings.swift in Sources */ = {isa = PBXBuildFile; fileRef = 3A364D8124977BD900DB321F /* SharedSettings.swift */; };
		3A4B19982494C41700C04289 /* AppDelegate.swift in Sources */ = {isa = PBXBuildFile; fileRef = 3A4B19972494C41700C04289 /* AppDelegate.swift */; };
		3A4B199A2494C41700C04289 /* SceneDelegate.swift in Sources */ = {isa = PBXBuildFile; fileRef = 3A4B19992494C41700C04289 /* SceneDelegate.swift */; };
		3A4B199C2494C41800C04289 /* LatestRatesVC.swift in Sources */ = {isa = PBXBuildFile; fileRef = 3A4B199B2494C41800C04289 /* LatestRatesVC.swift */; };
		3A4B199F2494C41800C04289 /* Main.storyboard in Resources */ = {isa = PBXBuildFile; fileRef = 3A4B199D2494C41800C04289 /* Main.storyboard */; };
		3A4B19A12494C41D00C04289 /* Assets.xcassets in Resources */ = {isa = PBXBuildFile; fileRef = 3A4B19A02494C41D00C04289 /* Assets.xcassets */; };
		3A4B19A42494C41D00C04289 /* LaunchScreen.storyboard in Resources */ = {isa = PBXBuildFile; fileRef = 3A4B19A22494C41D00C04289 /* LaunchScreen.storyboard */; };
		3A634B322494CB5A00E9E9C0 /* RateModel.swift in Sources */ = {isa = PBXBuildFile; fileRef = 3A634B312494CB5A00E9E9C0 /* RateModel.swift */; };
		3A634B342494CB6E00E9E9C0 /* Currency.swift in Sources */ = {isa = PBXBuildFile; fileRef = 3A634B332494CB6E00E9E9C0 /* Currency.swift */; };
		3A634B362494CF9800E9E9C0 /* WebServiceManager.swift in Sources */ = {isa = PBXBuildFile; fileRef = 3A634B352494CF9800E9E9C0 /* WebServiceManager.swift */; };
		3A634B382494D4B900E9E9C0 /* LatestRatesVM.swift in Sources */ = {isa = PBXBuildFile; fileRef = 3A634B372494D4B900E9E9C0 /* LatestRatesVM.swift */; };
		3A634B3C2494D7C100E9E9C0 /* RatesClient.swift in Sources */ = {isa = PBXBuildFile; fileRef = 3A634B3B2494D7C100E9E9C0 /* RatesClient.swift */; };
		3A634B412494F73800E9E9C0 /* DoubleExtension.swift in Sources */ = {isa = PBXBuildFile; fileRef = 3A634B402494F73800E9E9C0 /* DoubleExtension.swift */; };
		3A634B452494F78900E9E9C0 /* CustomStringFormatter.swift in Sources */ = {isa = PBXBuildFile; fileRef = 3A634B442494F78900E9E9C0 /* CustomStringFormatter.swift */; };
		3A634B4D2495075700E9E9C0 /* HistoryRatesVC.swift in Sources */ = {isa = PBXBuildFile; fileRef = 3A634B4C2495075700E9E9C0 /* HistoryRatesVC.swift */; };
		3A634B51249507AB00E9E9C0 /* HistoryRatesVM.swift in Sources */ = {isa = PBXBuildFile; fileRef = 3A634B50249507AB00E9E9C0 /* HistoryRatesVM.swift */; };
		3A634B61249571FC00E9E9C0 /* RatesAppTests.swift in Sources */ = {isa = PBXBuildFile; fileRef = 3A634B60249571FC00E9E9C0 /* RatesAppTests.swift */; };
		3A634B692496316700E9E9C0 /* LatestRateCell.swift in Sources */ = {isa = PBXBuildFile; fileRef = 3A634B682496316700E9E9C0 /* LatestRateCell.swift */; };
		3A634B6D249656C700E9E9C0 /* BaseCurrencyCell.swift in Sources */ = {isa = PBXBuildFile; fileRef = 3A634B6C249656C700E9E9C0 /* BaseCurrencyCell.swift */; };
		3A634B6F249667EB00E9E9C0 /* CustomDateFormatter.swift in Sources */ = {isa = PBXBuildFile; fileRef = 3A634B6E249667EB00E9E9C0 /* CustomDateFormatter.swift */; };
		AC16705C4AE422E10D2BD4E9 /* Pods_RatesApp.framework in Frameworks */ = {isa = PBXBuildFile; fileRef = 3D21E2621946B099A72E38C8 /* Pods_RatesApp.framework */; };
/* End PBXBuildFile section */

/* Begin PBXContainerItemProxy section */
		3A634B63249571FC00E9E9C0 /* PBXContainerItemProxy */ = {
			isa = PBXContainerItemProxy;
			containerPortal = 3A4B198C2494C41700C04289 /* Project object */;
			proxyType = 1;
			remoteGlobalIDString = 3A4B19932494C41700C04289;
			remoteInfo = RatesApp;
		};
/* End PBXContainerItemProxy section */

/* Begin PBXFileReference section */
		325B381A7B0E1425BFD48A64 /* Pods-RatesApp.debug.xcconfig */ = {isa = PBXFileReference; includeInIndex = 1; lastKnownFileType = text.xcconfig; name = "Pods-RatesApp.debug.xcconfig"; path = "Target Support Files/Pods-RatesApp/Pods-RatesApp.debug.xcconfig"; sourceTree = "<group>"; };
		3A364D7724974E4700DB321F /* Constants.swift */ = {isa = PBXFileReference; lastKnownFileType = sourcecode.swift; path = Constants.swift; sourceTree = "<group>"; };
		3A364D7924975FD300DB321F /* SettingsVC.swift */ = {isa = PBXFileReference; lastKnownFileType = sourcecode.swift; path = SettingsVC.swift; sourceTree = "<group>"; };
		3A364D7B24976D4B00DB321F /* BaseCurrencyVC.swift */ = {isa = PBXFileReference; lastKnownFileType = sourcecode.swift; path = BaseCurrencyVC.swift; sourceTree = "<group>"; };
		3A364D7D24976D5E00DB321F /* RefreshIntervalVC.swift */ = {isa = PBXFileReference; lastKnownFileType = sourcecode.swift; path = RefreshIntervalVC.swift; sourceTree = "<group>"; };
		3A364D8124977BD900DB321F /* SharedSettings.swift */ = {isa = PBXFileReference; lastKnownFileType = sourcecode.swift; path = SharedSettings.swift; sourceTree = "<group>"; };
		3A4B19942494C41700C04289 /* RatesApp.app */ = {isa = PBXFileReference; explicitFileType = wrapper.application; includeInIndex = 0; path = RatesApp.app; sourceTree = BUILT_PRODUCTS_DIR; };
		3A4B19972494C41700C04289 /* AppDelegate.swift */ = {isa = PBXFileReference; lastKnownFileType = sourcecode.swift; path = AppDelegate.swift; sourceTree = "<group>"; };
		3A4B19992494C41700C04289 /* SceneDelegate.swift */ = {isa = PBXFileReference; lastKnownFileType = sourcecode.swift; path = SceneDelegate.swift; sourceTree = "<group>"; };
		3A4B199B2494C41800C04289 /* LatestRatesVC.swift */ = {isa = PBXFileReference; lastKnownFileType = sourcecode.swift; path = LatestRatesVC.swift; sourceTree = "<group>"; };
		3A4B199E2494C41800C04289 /* Base */ = {isa = PBXFileReference; lastKnownFileType = file.storyboard; name = Base; path = Base.lproj/Main.storyboard; sourceTree = "<group>"; };
		3A4B19A02494C41D00C04289 /* Assets.xcassets */ = {isa = PBXFileReference; lastKnownFileType = folder.assetcatalog; path = Assets.xcassets; sourceTree = "<group>"; };
		3A4B19A32494C41D00C04289 /* Base */ = {isa = PBXFileReference; lastKnownFileType = file.storyboard; name = Base; path = Base.lproj/LaunchScreen.storyboard; sourceTree = "<group>"; };
		3A4B19A52494C41D00C04289 /* Info.plist */ = {isa = PBXFileReference; lastKnownFileType = text.plist.xml; path = Info.plist; sourceTree = "<group>"; };
		3A634B312494CB5A00E9E9C0 /* RateModel.swift */ = {isa = PBXFileReference; lastKnownFileType = sourcecode.swift; path = RateModel.swift; sourceTree = "<group>"; };
		3A634B332494CB6E00E9E9C0 /* Currency.swift */ = {isa = PBXFileReference; lastKnownFileType = sourcecode.swift; path = Currency.swift; sourceTree = "<group>"; };
		3A634B352494CF9800E9E9C0 /* WebServiceManager.swift */ = {isa = PBXFileReference; lastKnownFileType = sourcecode.swift; path = WebServiceManager.swift; sourceTree = "<group>"; };
		3A634B372494D4B900E9E9C0 /* LatestRatesVM.swift */ = {isa = PBXFileReference; lastKnownFileType = sourcecode.swift; path = LatestRatesVM.swift; sourceTree = "<group>"; };
		3A634B3B2494D7C100E9E9C0 /* RatesClient.swift */ = {isa = PBXFileReference; lastKnownFileType = sourcecode.swift; path = RatesClient.swift; sourceTree = "<group>"; };
		3A634B402494F73800E9E9C0 /* DoubleExtension.swift */ = {isa = PBXFileReference; lastKnownFileType = sourcecode.swift; path = DoubleExtension.swift; sourceTree = "<group>"; };
		3A634B442494F78900E9E9C0 /* CustomStringFormatter.swift */ = {isa = PBXFileReference; lastKnownFileType = sourcecode.swift; path = CustomStringFormatter.swift; sourceTree = "<group>"; };
		3A634B4C2495075700E9E9C0 /* HistoryRatesVC.swift */ = {isa = PBXFileReference; lastKnownFileType = sourcecode.swift; path = HistoryRatesVC.swift; sourceTree = "<group>"; };
		3A634B50249507AB00E9E9C0 /* HistoryRatesVM.swift */ = {isa = PBXFileReference; lastKnownFileType = sourcecode.swift; path = HistoryRatesVM.swift; sourceTree = "<group>"; };
		3A634B5E249571FC00E9E9C0 /* RatesAppTests.xctest */ = {isa = PBXFileReference; explicitFileType = wrapper.cfbundle; includeInIndex = 0; path = RatesAppTests.xctest; sourceTree = BUILT_PRODUCTS_DIR; };
		3A634B60249571FC00E9E9C0 /* RatesAppTests.swift */ = {isa = PBXFileReference; lastKnownFileType = sourcecode.swift; path = RatesAppTests.swift; sourceTree = "<group>"; };
		3A634B62249571FC00E9E9C0 /* Info.plist */ = {isa = PBXFileReference; lastKnownFileType = text.plist.xml; path = Info.plist; sourceTree = "<group>"; };
		3A634B682496316700E9E9C0 /* LatestRateCell.swift */ = {isa = PBXFileReference; lastKnownFileType = sourcecode.swift; path = LatestRateCell.swift; sourceTree = "<group>"; };
		3A634B6C249656C700E9E9C0 /* BaseCurrencyCell.swift */ = {isa = PBXFileReference; lastKnownFileType = sourcecode.swift; path = BaseCurrencyCell.swift; sourceTree = "<group>"; };
		3A634B6E249667EB00E9E9C0 /* CustomDateFormatter.swift */ = {isa = PBXFileReference; lastKnownFileType = sourcecode.swift; path = CustomDateFormatter.swift; sourceTree = "<group>"; };
		3D21E2621946B099A72E38C8 /* Pods_RatesApp.framework */ = {isa = PBXFileReference; explicitFileType = wrapper.framework; includeInIndex = 0; path = Pods_RatesApp.framework; sourceTree = BUILT_PRODUCTS_DIR; };
		BC941D96CCABFAABA2F0EB57 /* Pods-RatesApp.release.xcconfig */ = {isa = PBXFileReference; includeInIndex = 1; lastKnownFileType = text.xcconfig; name = "Pods-RatesApp.release.xcconfig"; path = "Target Support Files/Pods-RatesApp/Pods-RatesApp.release.xcconfig"; sourceTree = "<group>"; };
/* End PBXFileReference section */

/* Begin PBXFrameworksBuildPhase section */
		3A4B19912494C41700C04289 /* Frameworks */ = {
			isa = PBXFrameworksBuildPhase;
			buildActionMask = 2147483647;
			files = (
				AC16705C4AE422E10D2BD4E9 /* Pods_RatesApp.framework in Frameworks */,
			);
			runOnlyForDeploymentPostprocessing = 0;
		};
		3A634B5B249571FC00E9E9C0 /* Frameworks */ = {
			isa = PBXFrameworksBuildPhase;
			buildActionMask = 2147483647;
			files = (
			);
			runOnlyForDeploymentPostprocessing = 0;
		};
/* End PBXFrameworksBuildPhase section */

/* Begin PBXGroup section */
		3A364D7624974E2200DB321F /* Shared */ = {
			isa = PBXGroup;
			children = (
				3A364D7724974E4700DB321F /* Constants.swift */,
				3A364D8124977BD900DB321F /* SharedSettings.swift */,
			);
			path = Shared;
			sourceTree = "<group>";
		};
		3A4B198B2494C41700C04289 = {
			isa = PBXGroup;
			children = (
				3A4B19962494C41700C04289 /* RatesApp */,
				3A634B5F249571FC00E9E9C0 /* RatesAppTests */,
				3A4B19952494C41700C04289 /* Products */,
				8460D8F96ABD9BDE881E7002 /* Pods */,
				DFEDE13D100DADF1AF795C88 /* Frameworks */,
			);
			sourceTree = "<group>";
		};
		3A4B19952494C41700C04289 /* Products */ = {
			isa = PBXGroup;
			children = (
				3A4B19942494C41700C04289 /* RatesApp.app */,
				3A634B5E249571FC00E9E9C0 /* RatesAppTests.xctest */,
			);
			name = Products;
			sourceTree = "<group>";
		};
		3A4B19962494C41700C04289 /* RatesApp */ = {
			isa = PBXGroup;
			children = (
				3A634B2F2494CB1800E9E9C0 /* Models */,
				3A634B302494CB2000E9E9C0 /* Views */,
				3A634B2D2494CB0600E9E9C0 /* ViewModels */,
				3A634B2E2494CB0E00E9E9C0 /* ViewControllers */,
				3A634B2C2494CAF800E9E9C0 /* WebService */,
				3A364D7624974E2200DB321F /* Shared */,
				3A4B19972494C41700C04289 /* AppDelegate.swift */,
				3A4B19992494C41700C04289 /* SceneDelegate.swift */,
				3A4B19A02494C41D00C04289 /* Assets.xcassets */,
				3A4B19A52494C41D00C04289 /* Info.plist */,
				3A634B3F2494F71800E9E9C0 /* Extensions */,
			);
			path = RatesApp;
			sourceTree = "<group>";
		};
		3A634B2C2494CAF800E9E9C0 /* WebService */ = {
			isa = PBXGroup;
			children = (
				3A634B352494CF9800E9E9C0 /* WebServiceManager.swift */,
				3A634B3B2494D7C100E9E9C0 /* RatesClient.swift */,
			);
			path = WebService;
			sourceTree = "<group>";
		};
		3A634B2D2494CB0600E9E9C0 /* ViewModels */ = {
			isa = PBXGroup;
			children = (
				3A634B372494D4B900E9E9C0 /* LatestRatesVM.swift */,
				3A634B50249507AB00E9E9C0 /* HistoryRatesVM.swift */,
			);
			path = ViewModels;
			sourceTree = "<group>";
		};
		3A634B2E2494CB0E00E9E9C0 /* ViewControllers */ = {
			isa = PBXGroup;
			children = (
				3A4B199B2494C41800C04289 /* LatestRatesVC.swift */,
				3A634B4C2495075700E9E9C0 /* HistoryRatesVC.swift */,
				3A364D7924975FD300DB321F /* SettingsVC.swift */,
				3A364D7B24976D4B00DB321F /* BaseCurrencyVC.swift */,
				3A364D7D24976D5E00DB321F /* RefreshIntervalVC.swift */,
			);
			path = ViewControllers;
			sourceTree = "<group>";
		};
		3A634B2F2494CB1800E9E9C0 /* Models */ = {
			isa = PBXGroup;
			children = (
				3A634B312494CB5A00E9E9C0 /* RateModel.swift */,
				3A634B332494CB6E00E9E9C0 /* Currency.swift */,
			);
			path = Models;
			sourceTree = "<group>";
		};
		3A634B302494CB2000E9E9C0 /* Views */ = {
			isa = PBXGroup;
			children = (
				3A4B199D2494C41800C04289 /* Main.storyboard */,
				3A634B682496316700E9E9C0 /* LatestRateCell.swift */,
				3A634B6C249656C700E9E9C0 /* BaseCurrencyCell.swift */,
				3A4B19A22494C41D00C04289 /* LaunchScreen.storyboard */,
			);
			path = Views;
			sourceTree = "<group>";
		};
		3A634B3F2494F71800E9E9C0 /* Extensions */ = {
			isa = PBXGroup;
			children = (
				3A634B402494F73800E9E9C0 /* DoubleExtension.swift */,
				3A634B442494F78900E9E9C0 /* CustomStringFormatter.swift */,
				3A634B6E249667EB00E9E9C0 /* CustomDateFormatter.swift */,
			);
			path = Extensions;
			sourceTree = "<group>";
		};
		3A634B5F249571FC00E9E9C0 /* RatesAppTests */ = {
			isa = PBXGroup;
			children = (
				3A634B60249571FC00E9E9C0 /* RatesAppTests.swift */,
				3A634B62249571FC00E9E9C0 /* Info.plist */,
			);
			path = RatesAppTests;
			sourceTree = "<group>";
		};
		8460D8F96ABD9BDE881E7002 /* Pods */ = {
			isa = PBXGroup;
			children = (
				325B381A7B0E1425BFD48A64 /* Pods-RatesApp.debug.xcconfig */,
				BC941D96CCABFAABA2F0EB57 /* Pods-RatesApp.release.xcconfig */,
			);
			path = Pods;
			sourceTree = "<group>";
		};
		DFEDE13D100DADF1AF795C88 /* Frameworks */ = {
			isa = PBXGroup;
			children = (
				3D21E2621946B099A72E38C8 /* Pods_RatesApp.framework */,
			);
			name = Frameworks;
			sourceTree = "<group>";
		};
/* End PBXGroup section */

/* Begin PBXNativeTarget section */
		3A4B19932494C41700C04289 /* RatesApp */ = {
			isa = PBXNativeTarget;
			buildConfigurationList = 3A4B19BE2494C41D00C04289 /* Build configuration list for PBXNativeTarget "RatesApp" */;
			buildPhases = (
				02800ACEB0EDC78D890AE818 /* [CP] Check Pods Manifest.lock */,
				3A4B19902494C41700C04289 /* Sources */,
				3A4B19912494C41700C04289 /* Frameworks */,
				3A4B19922494C41700C04289 /* Resources */,
				FDD6DB479C44B2C4BD27182F /* [CP] Embed Pods Frameworks */,
			);
			buildRules = (
			);
			dependencies = (
			);
			name = RatesApp;
			productName = RatesApp;
			productReference = 3A4B19942494C41700C04289 /* RatesApp.app */;
			productType = "com.apple.product-type.application";
		};
		3A634B5D249571FC00E9E9C0 /* RatesAppTests */ = {
			isa = PBXNativeTarget;
			buildConfigurationList = 3A634B65249571FC00E9E9C0 /* Build configuration list for PBXNativeTarget "RatesAppTests" */;
			buildPhases = (
				3A634B5A249571FC00E9E9C0 /* Sources */,
				3A634B5B249571FC00E9E9C0 /* Frameworks */,
				3A634B5C249571FC00E9E9C0 /* Resources */,
			);
			buildRules = (
			);
			dependencies = (
				3A634B64249571FC00E9E9C0 /* PBXTargetDependency */,
			);
			name = RatesAppTests;
			productName = RatesAppTests;
			productReference = 3A634B5E249571FC00E9E9C0 /* RatesAppTests.xctest */;
			productType = "com.apple.product-type.bundle.unit-test";
		};
/* End PBXNativeTarget section */

/* Begin PBXProject section */
		3A4B198C2494C41700C04289 /* Project object */ = {
			isa = PBXProject;
			attributes = {
				LastSwiftUpdateCheck = 1150;
				LastUpgradeCheck = 1150;
				ORGANIZATIONNAME = "Adriana Epure";
				TargetAttributes = {
					3A4B19932494C41700C04289 = {
						CreatedOnToolsVersion = 11.5;
					};
					3A634B5D249571FC00E9E9C0 = {
						CreatedOnToolsVersion = 11.5;
						TestTargetID = 3A4B19932494C41700C04289;
					};
				};
			};
			buildConfigurationList = 3A4B198F2494C41700C04289 /* Build configuration list for PBXProject "RatesApp" */;
			compatibilityVersion = "Xcode 10.0";
			developmentRegion = en;
			hasScannedForEncodings = 0;
			knownRegions = (
				en,
				Base,
			);
			mainGroup = 3A4B198B2494C41700C04289;
			productRefGroup = 3A4B19952494C41700C04289 /* Products */;
			projectDirPath = "";
			projectRoot = "";
			targets = (
				3A4B19932494C41700C04289 /* RatesApp */,
				3A634B5D249571FC00E9E9C0 /* RatesAppTests */,
			);
		};
/* End PBXProject section */

/* Begin PBXResourcesBuildPhase section */
		3A4B19922494C41700C04289 /* Resources */ = {
			isa = PBXResourcesBuildPhase;
			buildActionMask = 2147483647;
			files = (
				3A4B19A42494C41D00C04289 /* LaunchScreen.storyboard in Resources */,
				3A4B19A12494C41D00C04289 /* Assets.xcassets in Resources */,
				3A4B199F2494C41800C04289 /* Main.storyboard in Resources */,
			);
			runOnlyForDeploymentPostprocessing = 0;
		};
		3A634B5C249571FC00E9E9C0 /* Resources */ = {
			isa = PBXResourcesBuildPhase;
			buildActionMask = 2147483647;
			files = (
			);
			runOnlyForDeploymentPostprocessing = 0;
		};
/* End PBXResourcesBuildPhase section */

/* Begin PBXShellScriptBuildPhase section */
		02800ACEB0EDC78D890AE818 /* [CP] Check Pods Manifest.lock */ = {
			isa = PBXShellScriptBuildPhase;
			buildActionMask = 2147483647;
			files = (
			);
			inputFileListPaths = (
			);
			inputPaths = (
				"${PODS_PODFILE_DIR_PATH}/Podfile.lock",
				"${PODS_ROOT}/Manifest.lock",
			);
			name = "[CP] Check Pods Manifest.lock";
			outputFileListPaths = (
			);
			outputPaths = (
				"$(DERIVED_FILE_DIR)/Pods-RatesApp-checkManifestLockResult.txt",
			);
			runOnlyForDeploymentPostprocessing = 0;
			shellPath = /bin/sh;
			shellScript = "diff \"${PODS_PODFILE_DIR_PATH}/Podfile.lock\" \"${PODS_ROOT}/Manifest.lock\" > /dev/null\nif [ $? != 0 ] ; then\n    # print error to STDERR\n    echo \"error: The sandbox is not in sync with the Podfile.lock. Run 'pod install' or update your CocoaPods installation.\" >&2\n    exit 1\nfi\n# This output is used by Xcode 'outputs' to avoid re-running this script phase.\necho \"SUCCESS\" > \"${SCRIPT_OUTPUT_FILE_0}\"\n";
			showEnvVarsInLog = 0;
		};
		FDD6DB479C44B2C4BD27182F /* [CP] Embed Pods Frameworks */ = {
			isa = PBXShellScriptBuildPhase;
			buildActionMask = 2147483647;
			files = (
			);
			inputFileListPaths = (
				"${PODS_ROOT}/Target Support Files/Pods-RatesApp/Pods-RatesApp-frameworks-${CONFIGURATION}-input-files.xcfilelist",
			);
			name = "[CP] Embed Pods Frameworks";
			outputFileListPaths = (
				"${PODS_ROOT}/Target Support Files/Pods-RatesApp/Pods-RatesApp-frameworks-${CONFIGURATION}-output-files.xcfilelist",
			);
			runOnlyForDeploymentPostprocessing = 0;
			shellPath = /bin/sh;
			shellScript = "\"${PODS_ROOT}/Target Support Files/Pods-RatesApp/Pods-RatesApp-frameworks.sh\"\n";
			showEnvVarsInLog = 0;
		};
/* End PBXShellScriptBuildPhase section */

/* Begin PBXSourcesBuildPhase section */
		3A4B19902494C41700C04289 /* Sources */ = {
			isa = PBXSourcesBuildPhase;
			buildActionMask = 2147483647;
			files = (
				3A364D7A24975FD300DB321F /* SettingsVC.swift in Sources */,
				3A4B199C2494C41800C04289 /* LatestRatesVC.swift in Sources */,
				3A634B452494F78900E9E9C0 /* CustomStringFormatter.swift in Sources */,
				3A634B382494D4B900E9E9C0 /* LatestRatesVM.swift in Sources */,
				3A634B51249507AB00E9E9C0 /* HistoryRatesVM.swift in Sources */,
				3A634B4D2495075700E9E9C0 /* HistoryRatesVC.swift in Sources */,
				3A364D7824974E4700DB321F /* Constants.swift in Sources */,
				3A634B6F249667EB00E9E9C0 /* CustomDateFormatter.swift in Sources */,
				3A634B6D249656C700E9E9C0 /* BaseCurrencyCell.swift in Sources */,
				3A634B692496316700E9E9C0 /* LatestRateCell.swift in Sources */,
				3A634B3C2494D7C100E9E9C0 /* RatesClient.swift in Sources */,
				3A634B412494F73800E9E9C0 /* DoubleExtension.swift in Sources */,
				3A634B342494CB6E00E9E9C0 /* Currency.swift in Sources */,
				3A634B362494CF9800E9E9C0 /* WebServiceManager.swift in Sources */,
				3A4B19982494C41700C04289 /* AppDelegate.swift in Sources */,
				3A364D8224977BD900DB321F /* SharedSettings.swift in Sources */,
				3A4B199A2494C41700C04289 /* SceneDelegate.swift in Sources */,
				3A364D7E24976D5E00DB321F /* RefreshIntervalVC.swift in Sources */,
				3A364D7C24976D4C00DB321F /* BaseCurrencyVC.swift in Sources */,
				3A634B322494CB5A00E9E9C0 /* RateModel.swift in Sources */,
			);
			runOnlyForDeploymentPostprocessing = 0;
		};
		3A634B5A249571FC00E9E9C0 /* Sources */ = {
			isa = PBXSourcesBuildPhase;
			buildActionMask = 2147483647;
			files = (
				3A634B61249571FC00E9E9C0 /* RatesAppTests.swift in Sources */,
			);
			runOnlyForDeploymentPostprocessing = 0;
		};
/* End PBXSourcesBuildPhase section */

/* Begin PBXTargetDependency section */
		3A634B64249571FC00E9E9C0 /* PBXTargetDependency */ = {
			isa = PBXTargetDependency;
			target = 3A4B19932494C41700C04289 /* RatesApp */;
			targetProxy = 3A634B63249571FC00E9E9C0 /* PBXContainerItemProxy */;
		};
/* End PBXTargetDependency section */

/* Begin PBXVariantGroup section */
		3A4B199D2494C41800C04289 /* Main.storyboard */ = {
			isa = PBXVariantGroup;
			children = (
				3A4B199E2494C41800C04289 /* Base */,
			);
			name = Main.storyboard;
			sourceTree = "<group>";
		};
		3A4B19A22494C41D00C04289 /* LaunchScreen.storyboard */ = {
			isa = PBXVariantGroup;
			children = (
				3A4B19A32494C41D00C04289 /* Base */,
			);
			name = LaunchScreen.storyboard;
			sourceTree = "<group>";
		};
/* End PBXVariantGroup section */

/* Begin XCBuildConfiguration section */
		3A4B19BC2494C41D00C04289 /* Debug */ = {
			isa = XCBuildConfiguration;
			buildSettings = {
				ALWAYS_SEARCH_USER_PATHS = NO;
				CLANG_ANALYZER_NONNULL = YES;
				CLANG_ANALYZER_NUMBER_OBJECT_CONVERSION = YES_AGGRESSIVE;
				CLANG_CXX_LANGUAGE_STANDARD = "gnu++14";
				CLANG_CXX_LIBRARY = "libc++";
				CLANG_ENABLE_MODULES = YES;
				CLANG_ENABLE_OBJC_ARC = YES;
				CLANG_ENABLE_OBJC_WEAK = YES;
				CLANG_WARN_BLOCK_CAPTURE_AUTORELEASING = YES;
				CLANG_WARN_BOOL_CONVERSION = YES;
				CLANG_WARN_COMMA = YES;
				CLANG_WARN_CONSTANT_CONVERSION = YES;
				CLANG_WARN_DEPRECATED_OBJC_IMPLEMENTATIONS = YES;
				CLANG_WARN_DIRECT_OBJC_ISA_USAGE = YES_ERROR;
				CLANG_WARN_DOCUMENTATION_COMMENTS = YES;
				CLANG_WARN_EMPTY_BODY = YES;
				CLANG_WARN_ENUM_CONVERSION = YES;
				CLANG_WARN_INFINITE_RECURSION = YES;
				CLANG_WARN_INT_CONVERSION = YES;
				CLANG_WARN_NON_LITERAL_NULL_CONVERSION = YES;
				CLANG_WARN_OBJC_IMPLICIT_RETAIN_SELF = YES;
				CLANG_WARN_OBJC_LITERAL_CONVERSION = YES;
				CLANG_WARN_OBJC_ROOT_CLASS = YES_ERROR;
				CLANG_WARN_RANGE_LOOP_ANALYSIS = YES;
				CLANG_WARN_STRICT_PROTOTYPES = YES;
				CLANG_WARN_SUSPICIOUS_MOVE = YES;
				CLANG_WARN_UNGUARDED_AVAILABILITY = YES_AGGRESSIVE;
				CLANG_WARN_UNREACHABLE_CODE = YES;
				CLANG_WARN__DUPLICATE_METHOD_MATCH = YES;
				COPY_PHASE_STRIP = NO;
				DEBUG_INFORMATION_FORMAT = dwarf;
				ENABLE_STRICT_OBJC_MSGSEND = YES;
				ENABLE_TESTABILITY = YES;
				GCC_C_LANGUAGE_STANDARD = gnu11;
				GCC_DYNAMIC_NO_PIC = NO;
				GCC_NO_COMMON_BLOCKS = YES;
				GCC_OPTIMIZATION_LEVEL = 0;
				GCC_PREPROCESSOR_DEFINITIONS = (
					"DEBUG=1",
					"$(inherited)",
				);
				GCC_WARN_64_TO_32_BIT_CONVERSION = YES;
				GCC_WARN_ABOUT_RETURN_TYPE = YES_ERROR;
				GCC_WARN_UNDECLARED_SELECTOR = YES;
				GCC_WARN_UNINITIALIZED_AUTOS = YES_AGGRESSIVE;
				GCC_WARN_UNUSED_FUNCTION = YES;
				GCC_WARN_UNUSED_VARIABLE = YES;
				IPHONEOS_DEPLOYMENT_TARGET = 13.5;
				MTL_ENABLE_DEBUG_INFO = INCLUDE_SOURCE;
				MTL_FAST_MATH = YES;
				ONLY_ACTIVE_ARCH = YES;
				SDKROOT = iphoneos;
				SWIFT_ACTIVE_COMPILATION_CONDITIONS = DEBUG;
				SWIFT_OPTIMIZATION_LEVEL = "-Onone";
			};
			name = Debug;
		};
		3A4B19BD2494C41D00C04289 /* Release */ = {
			isa = XCBuildConfiguration;
			buildSettings = {
				ALWAYS_SEARCH_USER_PATHS = NO;
				CLANG_ANALYZER_NONNULL = YES;
				CLANG_ANALYZER_NUMBER_OBJECT_CONVERSION = YES_AGGRESSIVE;
				CLANG_CXX_LANGUAGE_STANDARD = "gnu++14";
				CLANG_CXX_LIBRARY = "libc++";
				CLANG_ENABLE_MODULES = YES;
				CLANG_ENABLE_OBJC_ARC = YES;
				CLANG_ENABLE_OBJC_WEAK = YES;
				CLANG_WARN_BLOCK_CAPTURE_AUTORELEASING = YES;
				CLANG_WARN_BOOL_CONVERSION = YES;
				CLANG_WARN_COMMA = YES;
				CLANG_WARN_CONSTANT_CONVERSION = YES;
				CLANG_WARN_DEPRECATED_OBJC_IMPLEMENTATIONS = YES;
				CLANG_WARN_DIRECT_OBJC_ISA_USAGE = YES_ERROR;
				CLANG_WARN_DOCUMENTATION_COMMENTS = YES;
				CLANG_WARN_EMPTY_BODY = YES;
				CLANG_WARN_ENUM_CONVERSION = YES;
				CLANG_WARN_INFINITE_RECURSION = YES;
				CLANG_WARN_INT_CONVERSION = YES;
				CLANG_WARN_NON_LITERAL_NULL_CONVERSION = YES;
				CLANG_WARN_OBJC_IMPLICIT_RETAIN_SELF = YES;
				CLANG_WARN_OBJC_LITERAL_CONVERSION = YES;
				CLANG_WARN_OBJC_ROOT_CLASS = YES_ERROR;
				CLANG_WARN_RANGE_LOOP_ANALYSIS = YES;
				CLANG_WARN_STRICT_PROTOTYPES = YES;
				CLANG_WARN_SUSPICIOUS_MOVE = YES;
				CLANG_WARN_UNGUARDED_AVAILABILITY = YES_AGGRESSIVE;
				CLANG_WARN_UNREACHABLE_CODE = YES;
				CLANG_WARN__DUPLICATE_METHOD_MATCH = YES;
				COPY_PHASE_STRIP = NO;
				DEBUG_INFORMATION_FORMAT = "dwarf-with-dsym";
				ENABLE_NS_ASSERTIONS = NO;
				ENABLE_STRICT_OBJC_MSGSEND = YES;
				GCC_C_LANGUAGE_STANDARD = gnu11;
				GCC_NO_COMMON_BLOCKS = YES;
				GCC_WARN_64_TO_32_BIT_CONVERSION = YES;
				GCC_WARN_ABOUT_RETURN_TYPE = YES_ERROR;
				GCC_WARN_UNDECLARED_SELECTOR = YES;
				GCC_WARN_UNINITIALIZED_AUTOS = YES_AGGRESSIVE;
				GCC_WARN_UNUSED_FUNCTION = YES;
				GCC_WARN_UNUSED_VARIABLE = YES;
				IPHONEOS_DEPLOYMENT_TARGET = 13.5;
				MTL_ENABLE_DEBUG_INFO = NO;
				MTL_FAST_MATH = YES;
				SDKROOT = iphoneos;
				SWIFT_COMPILATION_MODE = wholemodule;
				SWIFT_OPTIMIZATION_LEVEL = "-O";
				VALIDATE_PRODUCT = YES;
			};
			name = Release;
		};
		3A4B19BF2494C41D00C04289 /* Debug */ = {
			isa = XCBuildConfiguration;
			baseConfigurationReference = 325B381A7B0E1425BFD48A64 /* Pods-RatesApp.debug.xcconfig */;
			buildSettings = {
				ASSETCATALOG_COMPILER_APPICON_NAME = AppIcon;
				CODE_SIGN_STYLE = Automatic;
				DEVELOPMENT_TEAM = AQC3YUGDLT;
				INFOPLIST_FILE = RatesApp/Info.plist;
				LD_RUNPATH_SEARCH_PATHS = (
					"$(inherited)",
					"@executable_path/Frameworks",
				);
				PRODUCT_BUNDLE_IDENTIFIER = adri.RatesApp;
				PRODUCT_NAME = "$(TARGET_NAME)";
				SWIFT_VERSION = 5.0;
				TARGETED_DEVICE_FAMILY = "1,2";
			};
			name = Debug;
		};
		3A4B19C02494C41D00C04289 /* Release */ = {
			isa = XCBuildConfiguration;
			baseConfigurationReference = BC941D96CCABFAABA2F0EB57 /* Pods-RatesApp.release.xcconfig */;
			buildSettings = {
				ASSETCATALOG_COMPILER_APPICON_NAME = AppIcon;
				CODE_SIGN_STYLE = Automatic;
				DEVELOPMENT_TEAM = AQC3YUGDLT;
				INFOPLIST_FILE = RatesApp/Info.plist;
				LD_RUNPATH_SEARCH_PATHS = (
					"$(inherited)",
					"@executable_path/Frameworks",
				);
				PRODUCT_BUNDLE_IDENTIFIER = adri.RatesApp;
				PRODUCT_NAME = "$(TARGET_NAME)";
				SWIFT_VERSION = 5.0;
				TARGETED_DEVICE_FAMILY = "1,2";
			};
			name = Release;
		};
		3A634B66249571FC00E9E9C0 /* Debug */ = {
			isa = XCBuildConfiguration;
			buildSettings = {
				BUNDLE_LOADER = "$(TEST_HOST)";
				CODE_SIGN_STYLE = Automatic;
				DEVELOPMENT_TEAM = AQC3YUGDLT;
				INFOPLIST_FILE = RatesAppTests/Info.plist;
				LD_RUNPATH_SEARCH_PATHS = (
					"$(inherited)",
					"@executable_path/Frameworks",
					"@loader_path/Frameworks",
				);
				PRODUCT_BUNDLE_IDENTIFIER = adri.RatesAppTests;
				PRODUCT_NAME = "$(TARGET_NAME)";
				SWIFT_VERSION = 5.0;
				TARGETED_DEVICE_FAMILY = "1,2";
				TEST_HOST = "$(BUILT_PRODUCTS_DIR)/RatesApp.app/RatesApp";
			};
			name = Debug;
		};
		3A634B67249571FC00E9E9C0 /* Release */ = {
			isa = XCBuildConfiguration;
			buildSettings = {
				BUNDLE_LOADER = "$(TEST_HOST)";
				CODE_SIGN_STYLE = Automatic;
				DEVELOPMENT_TEAM = AQC3YUGDLT;
				INFOPLIST_FILE = RatesAppTests/Info.plist;
				LD_RUNPATH_SEARCH_PATHS = (
					"$(inherited)",
					"@executable_path/Frameworks",
					"@loader_path/Frameworks",
				);
				PRODUCT_BUNDLE_IDENTIFIER = adri.RatesAppTests;
				PRODUCT_NAME = "$(TARGET_NAME)";
				SWIFT_VERSION = 5.0;
				TARGETED_DEVICE_FAMILY = "1,2";
				TEST_HOST = "$(BUILT_PRODUCTS_DIR)/RatesApp.app/RatesApp";
			};
			name = Release;
		};
/* End XCBuildConfiguration section */

/* Begin XCConfigurationList section */
		3A4B198F2494C41700C04289 /* Build configuration list for PBXProject "RatesApp" */ = {
			isa = XCConfigurationList;
			buildConfigurations = (
				3A4B19BC2494C41D00C04289 /* Debug */,
				3A4B19BD2494C41D00C04289 /* Release */,
			);
			defaultConfigurationIsVisible = 0;
			defaultConfigurationName = Release;
		};
		3A4B19BE2494C41D00C04289 /* Build configuration list for PBXNativeTarget "RatesApp" */ = {
			isa = XCConfigurationList;
			buildConfigurations = (
				3A4B19BF2494C41D00C04289 /* Debug */,
				3A4B19C02494C41D00C04289 /* Release */,
			);
			defaultConfigurationIsVisible = 0;
			defaultConfigurationName = Release;
		};
		3A634B65249571FC00E9E9C0 /* Build configuration list for PBXNativeTarget "RatesAppTests" */ = {
			isa = XCConfigurationList;
			buildConfigurations = (
				3A634B66249571FC00E9E9C0 /* Debug */,
				3A634B67249571FC00E9E9C0 /* Release */,
			);
			defaultConfigurationIsVisible = 0;
			defaultConfigurationName = Release;
		};
/* End XCConfigurationList section */
	};
	rootObject = 3A4B198C2494C41700C04289 /* Project object */;
}
